// !$*UTF8*$!
{
	archiveVersion = 1;
	classes = {
	};
	objectVersion = 50;
	objects = {

/* Begin PBXBuildFile section */
		09A95B8722B2525D002F17CE /* AppDelegate.swift in Sources */ = {isa = PBXBuildFile; fileRef = 09A95B8622B2525D002F17CE /* AppDelegate.swift */; };
		09A95B8B22B2525F002F17CE /* Assets.xcassets in Resources */ = {isa = PBXBuildFile; fileRef = 09A95B8A22B2525F002F17CE /* Assets.xcassets */; };
		09A95B8E22B2525F002F17CE /* Main.storyboard in Resources */ = {isa = PBXBuildFile; fileRef = 09A95B8C22B2525F002F17CE /* Main.storyboard */; };
		09A95B9B22B262BE002F17CE /* ChatViewController.swift in Sources */ = {isa = PBXBuildFile; fileRef = 09A95B9A22B262BE002F17CE /* ChatViewController.swift */; };
		09A95B9D22B26353002F17CE /* ChatBarView.swift in Sources */ = {isa = PBXBuildFile; fileRef = 09A95B9C22B26353002F17CE /* ChatBarView.swift */; };
		09A95BA022B267A3002F17CE /* Constants.swift in Sources */ = {isa = PBXBuildFile; fileRef = 09A95B9F22B267A3002F17CE /* Constants.swift */; };
		09A95BA222B267F7002F17CE /* CustomButtonView.swift in Sources */ = {isa = PBXBuildFile; fileRef = 09A95BA122B267F7002F17CE /* CustomButtonView.swift */; };
		09A95BA422B26A71002F17CE /* MasterViewController.swift in Sources */ = {isa = PBXBuildFile; fileRef = 09A95BA322B26A71002F17CE /* MasterViewController.swift */; };
		09A95BA622B26B33002F17CE /* MasterView.swift in Sources */ = {isa = PBXBuildFile; fileRef = 09A95BA522B26B33002F17CE /* MasterView.swift */; };
/* End PBXBuildFile section */

/* Begin PBXFileReference section */
		09A95B8322B2525D002F17CE /* Incord.app */ = {isa = PBXFileReference; explicitFileType = wrapper.application; includeInIndex = 0; path = Incord.app; sourceTree = BUILT_PRODUCTS_DIR; };
		09A95B8622B2525D002F17CE /* AppDelegate.swift */ = {isa = PBXFileReference; lastKnownFileType = sourcecode.swift; path = AppDelegate.swift; sourceTree = "<group>"; };
		09A95B8A22B2525F002F17CE /* Assets.xcassets */ = {isa = PBXFileReference; lastKnownFileType = folder.assetcatalog; path = Assets.xcassets; sourceTree = "<group>"; };
		09A95B8D22B2525F002F17CE /* Base */ = {isa = PBXFileReference; lastKnownFileType = file.storyboard; name = Base; path = Base.lproj/Main.storyboard; sourceTree = "<group>"; };
		09A95B8F22B2525F002F17CE /* Info.plist */ = {isa = PBXFileReference; lastKnownFileType = text.plist.xml; path = Info.plist; sourceTree = "<group>"; };
		09A95B9022B2525F002F17CE /* Incord.entitlements */ = {isa = PBXFileReference; lastKnownFileType = text.plist.entitlements; path = Incord.entitlements; sourceTree = "<group>"; };
		09A95B9A22B262BE002F17CE /* ChatViewController.swift */ = {isa = PBXFileReference; lastKnownFileType = sourcecode.swift; path = ChatViewController.swift; sourceTree = "<group>"; };
		09A95B9C22B26353002F17CE /* ChatBarView.swift */ = {isa = PBXFileReference; lastKnownFileType = sourcecode.swift; path = ChatBarView.swift; sourceTree = "<group>"; };
		09A95B9F22B267A3002F17CE /* Constants.swift */ = {isa = PBXFileReference; lastKnownFileType = sourcecode.swift; path = Constants.swift; sourceTree = "<group>"; };
		09A95BA122B267F7002F17CE /* CustomButtonView.swift */ = {isa = PBXFileReference; lastKnownFileType = sourcecode.swift; path = CustomButtonView.swift; sourceTree = "<group>"; };
		09A95BA322B26A71002F17CE /* MasterViewController.swift */ = {isa = PBXFileReference; lastKnownFileType = sourcecode.swift; path = MasterViewController.swift; sourceTree = "<group>"; };
		09A95BA522B26B33002F17CE /* MasterView.swift */ = {isa = PBXFileReference; lastKnownFileType = sourcecode.swift; path = MasterView.swift; sourceTree = "<group>"; };
/* End PBXFileReference section */

/* Begin PBXFrameworksBuildPhase section */
		09A95B8022B2525D002F17CE /* Frameworks */ = {
			isa = PBXFrameworksBuildPhase;
			buildActionMask = 2147483647;
			files = (
			);
			runOnlyForDeploymentPostprocessing = 0;
		};
/* End PBXFrameworksBuildPhase section */

/* Begin PBXGroup section */
		09A95B7A22B2525D002F17CE = {
			isa = PBXGroup;
			children = (
				09A95B8522B2525D002F17CE /* Incord */,
				09A95B8422B2525D002F17CE /* Products */,
			);
			sourceTree = "<group>";
		};
		09A95B8422B2525D002F17CE /* Products */ = {
			isa = PBXGroup;
			children = (
				09A95B8322B2525D002F17CE /* Incord.app */,
			);
			name = Products;
			sourceTree = "<group>";
		};
		09A95B8522B2525D002F17CE /* Incord */ = {
			isa = PBXGroup;
			children = (
				09A95B9E22B2678B002F17CE /* Utilities */,
				09A95B9922B26288002F17CE /* Managers */,
				09A95B9822B2627F002F17CE /* Controller */,
				09A95B9722B2627A002F17CE /* View */,
				09A95B9622B26275002F17CE /* Model */,
				09A95B8622B2525D002F17CE /* AppDelegate.swift */,
				09A95B8A22B2525F002F17CE /* Assets.xcassets */,
				09A95B8F22B2525F002F17CE /* Info.plist */,
				09A95B9022B2525F002F17CE /* Incord.entitlements */,
			);
			path = Incord;
			sourceTree = "<group>";
		};
		09A95B9622B26275002F17CE /* Model */ = {
			isa = PBXGroup;
			children = (
			);
			path = Model;
			sourceTree = "<group>";
		};
		09A95B9722B2627A002F17CE /* View */ = {
			isa = PBXGroup;
			children = (
				09A95B8C22B2525F002F17CE /* Main.storyboard */,
				09A95B9C22B26353002F17CE /* ChatBarView.swift */,
				09A95BA122B267F7002F17CE /* CustomButtonView.swift */,
				09A95BA522B26B33002F17CE /* MasterView.swift */,
			);
			path = View;
			sourceTree = "<group>";
		};
		09A95B9822B2627F002F17CE /* Controller */ = {
			isa = PBXGroup;
			children = (
				09A95B9A22B262BE002F17CE /* ChatViewController.swift */,
				09A95BA322B26A71002F17CE /* MasterViewController.swift */,
			);
			path = Controller;
			sourceTree = "<group>";
		};
		09A95B9922B26288002F17CE /* Managers */ = {
			isa = PBXGroup;
			children = (
			);
			path = Managers;
			sourceTree = "<group>";
		};
		09A95B9E22B2678B002F17CE /* Utilities */ = {
			isa = PBXGroup;
			children = (
				09A95B9F22B267A3002F17CE /* Constants.swift */,
			);
			path = Utilities;
			sourceTree = "<group>";
		};
/* End PBXGroup section */

/* Begin PBXNativeTarget section */
		09A95B8222B2525D002F17CE /* Incord */ = {
			isa = PBXNativeTarget;
			buildConfigurationList = 09A95B9322B2525F002F17CE /* Build configuration list for PBXNativeTarget "Incord" */;
			buildPhases = (
				09A95B7F22B2525D002F17CE /* Sources */,
				09A95B8022B2525D002F17CE /* Frameworks */,
				09A95B8122B2525D002F17CE /* Resources */,
			);
			buildRules = (
			);
			dependencies = (
			);
			name = Incord;
			productName = Incord;
			productReference = 09A95B8322B2525D002F17CE /* Incord.app */;
			productType = "com.apple.product-type.application";
		};
/* End PBXNativeTarget section */

/* Begin PBXProject section */
		09A95B7B22B2525D002F17CE /* Project object */ = {
			isa = PBXProject;
			attributes = {
				LastSwiftUpdateCheck = 1020;
				LastUpgradeCheck = 1020;
				ORGANIZATIONNAME = "Cole M";
				TargetAttributes = {
					09A95B8222B2525D002F17CE = {
						CreatedOnToolsVersion = 10.2.1;
					};
				};
			};
			buildConfigurationList = 09A95B7E22B2525D002F17CE /* Build configuration list for PBXProject "Incord" */;
			compatibilityVersion = "Xcode 9.3";
			developmentRegion = en;
			hasScannedForEncodings = 0;
			knownRegions = (
				en,
				Base,
			);
			mainGroup = 09A95B7A22B2525D002F17CE;
			productRefGroup = 09A95B8422B2525D002F17CE /* Products */;
			projectDirPath = "";
			projectRoot = "";
			targets = (
				09A95B8222B2525D002F17CE /* Incord */,
			);
		};
/* End PBXProject section */

/* Begin PBXResourcesBuildPhase section */
		09A95B8122B2525D002F17CE /* Resources */ = {
			isa = PBXResourcesBuildPhase;
			buildActionMask = 2147483647;
			files = (
				09A95B8B22B2525F002F17CE /* Assets.xcassets in Resources */,
				09A95B8E22B2525F002F17CE /* Main.storyboard in Resources */,
			);
			runOnlyForDeploymentPostprocessing = 0;
		};
/* End PBXResourcesBuildPhase section */

/* Begin PBXSourcesBuildPhase section */
		09A95B7F22B2525D002F17CE /* Sources */ = {
			isa = PBXSourcesBuildPhase;
			buildActionMask = 2147483647;
			files = (
				09A95BA222B267F7002F17CE /* CustomButtonView.swift in Sources */,
				09A95B9D22B26353002F17CE /* ChatBarView.swift in Sources */,
				09A95BA622B26B33002F17CE /* MasterView.swift in Sources */,
				09A95BA422B26A71002F17CE /* MasterViewController.swift in Sources */,
				09A95B9B22B262BE002F17CE /* ChatViewController.swift in Sources */,
				09A95B8722B2525D002F17CE /* AppDelegate.swift in Sources */,
				09A95BA022B267A3002F17CE /* Constants.swift in Sources */,
			);
			runOnlyForDeploymentPostprocessing = 0;
		};
/* End PBXSourcesBuildPhase section */

/* Begin PBXVariantGroup section */
		09A95B8C22B2525F002F17CE /* Main.storyboard */ = {
			isa = PBXVariantGroup;
			children = (
				09A95B8D22B2525F002F17CE /* Base */,
			);
			name = Main.storyboard;
			sourceTree = "<group>";
		};
/* End PBXVariantGroup section */

/* Begin XCBuildConfiguration section */
		09A95B9122B2525F002F17CE /* Debug */ = {
			isa = XCBuildConfiguration;
			buildSettings = {
				ALWAYS_SEARCH_USER_PATHS = NO;
				CLANG_ANALYZER_NONNULL = YES;
				CLANG_ANALYZER_NUMBER_OBJECT_CONVERSION = YES_AGGRESSIVE;
				CLANG_CXX_LANGUAGE_STANDARD = "gnu++14";
				CLANG_CXX_LIBRARY = "libc++";
				CLANG_ENABLE_MODULES = YES;
				CLANG_ENABLE_OBJC_ARC = YES;
				CLANG_ENABLE_OBJC_WEAK = YES;
				CLANG_WARN_BLOCK_CAPTURE_AUTORELEASING = YES;
				CLANG_WARN_BOOL_CONVERSION = YES;
				CLANG_WARN_COMMA = YES;
				CLANG_WARN_CONSTANT_CONVERSION = YES;
				CLANG_WARN_DEPRECATED_OBJC_IMPLEMENTATIONS = YES;
				CLANG_WARN_DIRECT_OBJC_ISA_USAGE = YES_ERROR;
				CLANG_WARN_DOCUMENTATION_COMMENTS = YES;
				CLANG_WARN_EMPTY_BODY = YES;
				CLANG_WARN_ENUM_CONVERSION = YES;
				CLANG_WARN_INFINITE_RECURSION = YES;
				CLANG_WARN_INT_CONVERSION = YES;
				CLANG_WARN_NON_LITERAL_NULL_CONVERSION = YES;
				CLANG_WARN_OBJC_IMPLICIT_RETAIN_SELF = YES;
				CLANG_WARN_OBJC_LITERAL_CONVERSION = YES;
				CLANG_WARN_OBJC_ROOT_CLASS = YES_ERROR;
				CLANG_WARN_RANGE_LOOP_ANALYSIS = YES;
				CLANG_WARN_STRICT_PROTOTYPES = YES;
				CLANG_WARN_SUSPICIOUS_MOVE = YES;
				CLANG_WARN_UNGUARDED_AVAILABILITY = YES_AGGRESSIVE;
				CLANG_WARN_UNREACHABLE_CODE = YES;
				CLANG_WARN__DUPLICATE_METHOD_MATCH = YES;
				CODE_SIGN_IDENTITY = "-";
				COPY_PHASE_STRIP = NO;
				DEBUG_INFORMATION_FORMAT = dwarf;
				ENABLE_STRICT_OBJC_MSGSEND = YES;
				ENABLE_TESTABILITY = YES;
				GCC_C_LANGUAGE_STANDARD = gnu11;
				GCC_DYNAMIC_NO_PIC = NO;
				GCC_NO_COMMON_BLOCKS = YES;
				GCC_OPTIMIZATION_LEVEL = 0;
				GCC_PREPROCESSOR_DEFINITIONS = (
					"DEBUG=1",
					"$(inherited)",
				);
				GCC_WARN_64_TO_32_BIT_CONVERSION = YES;
				GCC_WARN_ABOUT_RETURN_TYPE = YES_ERROR;
				GCC_WARN_UNDECLARED_SELECTOR = YES;
				GCC_WARN_UNINITIALIZED_AUTOS = YES_AGGRESSIVE;
				GCC_WARN_UNUSED_FUNCTION = YES;
				GCC_WARN_UNUSED_VARIABLE = YES;
				MACOSX_DEPLOYMENT_TARGET = 10.14;
				MTL_ENABLE_DEBUG_INFO = INCLUDE_SOURCE;
				MTL_FAST_MATH = YES;
				ONLY_ACTIVE_ARCH = YES;
				SDKROOT = macosx;
				SWIFT_ACTIVE_COMPILATION_CONDITIONS = DEBUG;
				SWIFT_OPTIMIZATION_LEVEL = "-Onone";
			};
			name = Debug;
		};
		09A95B9222B2525F002F17CE /* Release */ = {
			isa = XCBuildConfiguration;
			buildSettings = {
				ALWAYS_SEARCH_USER_PATHS = NO;
				CLANG_ANALYZER_NONNULL = YES;
				CLANG_ANALYZER_NUMBER_OBJECT_CONVERSION = YES_AGGRESSIVE;
				CLANG_CXX_LANGUAGE_STANDARD = "gnu++14";
				CLANG_CXX_LIBRARY = "libc++";
				CLANG_ENABLE_MODULES = YES;
				CLANG_ENABLE_OBJC_ARC = YES;
				CLANG_ENABLE_OBJC_WEAK = YES;
				CLANG_WARN_BLOCK_CAPTURE_AUTORELEASING = YES;
				CLANG_WARN_BOOL_CONVERSION = YES;
				CLANG_WARN_COMMA = YES;
				CLANG_WARN_CONSTANT_CONVERSION = YES;
				CLANG_WARN_DEPRECATED_OBJC_IMPLEMENTATIONS = YES;
				CLANG_WARN_DIRECT_OBJC_ISA_USAGE = YES_ERROR;
				CLANG_WARN_DOCUMENTATION_COMMENTS = YES;
				CLANG_WARN_EMPTY_BODY = YES;
				CLANG_WARN_ENUM_CONVERSION = YES;
				CLANG_WARN_INFINITE_RECURSION = YES;
				CLANG_WARN_INT_CONVERSION = YES;
				CLANG_WARN_NON_LITERAL_NULL_CONVERSION = YES;
				CLANG_WARN_OBJC_IMPLICIT_RETAIN_SELF = YES;
				CLANG_WARN_OBJC_LITERAL_CONVERSION = YES;
				CLANG_WARN_OBJC_ROOT_CLASS = YES_ERROR;
				CLANG_WARN_RANGE_LOOP_ANALYSIS = YES;
				CLANG_WARN_STRICT_PROTOTYPES = YES;
				CLANG_WARN_SUSPICIOUS_MOVE = YES;
				CLANG_WARN_UNGUARDED_AVAILABILITY = YES_AGGRESSIVE;
				CLANG_WARN_UNREACHABLE_CODE = YES;
				CLANG_WARN__DUPLICATE_METHOD_MATCH = YES;
				CODE_SIGN_IDENTITY = "-";
				COPY_PHASE_STRIP = NO;
				DEBUG_INFORMATION_FORMAT = "dwarf-with-dsym";
				ENABLE_NS_ASSERTIONS = NO;
				ENABLE_STRICT_OBJC_MSGSEND = YES;
				GCC_C_LANGUAGE_STANDARD = gnu11;
				GCC_NO_COMMON_BLOCKS = YES;
				GCC_WARN_64_TO_32_BIT_CONVERSION = YES;
				GCC_WARN_ABOUT_RETURN_TYPE = YES_ERROR;
				GCC_WARN_UNDECLARED_SELECTOR = YES;
				GCC_WARN_UNINITIALIZED_AUTOS = YES_AGGRESSIVE;
				GCC_WARN_UNUSED_FUNCTION = YES;
				GCC_WARN_UNUSED_VARIABLE = YES;
				MACOSX_DEPLOYMENT_TARGET = 10.14;
				MTL_ENABLE_DEBUG_INFO = NO;
				MTL_FAST_MATH = YES;
				SDKROOT = macosx;
				SWIFT_COMPILATION_MODE = wholemodule;
				SWIFT_OPTIMIZATION_LEVEL = "-O";
			};
			name = Release;
		};
		09A95B9422B2525F002F17CE /* Debug */ = {
			isa = XCBuildConfiguration;
			buildSettings = {
				ASSETCATALOG_COMPILER_APPICON_NAME = AppIcon;
				CODE_SIGN_ENTITLEMENTS = Incord/Incord.entitlements;
				CODE_SIGN_STYLE = Automatic;
				COMBINE_HIDPI_IMAGES = YES;
				INFOPLIST_FILE = Incord/Info.plist;
				LD_RUNPATH_SEARCH_PATHS = (
					"$(inherited)",
					"@executable_path/../Frameworks",
				);
				PRODUCT_BUNDLE_IDENTIFIER = io.cartisim.Incord;
				PRODUCT_NAME = "$(TARGET_NAME)";
				SWIFT_VERSION = 5.0;
			};
			name = Debug;
		};
		09A95B9522B2525F002F17CE /* Release */ = {
			isa = XCBuildConfiguration;
			buildSettings = {
				ASSETCATALOG_COMPILER_APPICON_NAME = AppIcon;
				CODE_SIGN_ENTITLEMENTS = Incord/Incord.entitlements;
				CODE_SIGN_STYLE = Automatic;
				COMBINE_HIDPI_IMAGES = YES;
				INFOPLIST_FILE = Incord/Info.plist;
				LD_RUNPATH_SEARCH_PATHS = (
					"$(inherited)",
					"@executable_path/../Frameworks",
				);
				PRODUCT_BUNDLE_IDENTIFIER = io.cartisim.Incord;
				PRODUCT_NAME = "$(TARGET_NAME)";
				SWIFT_VERSION = 5.0;
			};
			name = Release;
		};
/* End XCBuildConfiguration section */

/* Begin XCConfigurationList section */
		09A95B7E22B2525D002F17CE /* Build configuration list for PBXProject "Incord" */ = {
			isa = XCConfigurationList;
			buildConfigurations = (
				09A95B9122B2525F002F17CE /* Debug */,
				09A95B9222B2525F002F17CE /* Release */,
			);
			defaultConfigurationIsVisible = 0;
			defaultConfigurationName = Release;
		};
		09A95B9322B2525F002F17CE /* Build configuration list for PBXNativeTarget "Incord" */ = {
			isa = XCConfigurationList;
			buildConfigurations = (
				09A95B9422B2525F002F17CE /* Debug */,
				09A95B9522B2525F002F17CE /* Release */,
			);
			defaultConfigurationIsVisible = 0;
			defaultConfigurationName = Release;
		};
/* End XCConfigurationList section */
	};
	rootObject = 09A95B7B22B2525D002F17CE /* Project object */;
}
